
Microsoft Visual Studio Solution File, Format Version 12.00
# Visual Studio Version 17
VisualStudioVersion = 17.6.33829.357
MinimumVisualStudioVersion = 10.0.40219.1
Project("{9A19103F-16F7-4668-BE54-9A1E7A4F7556}") = "MiningDimension", "MiningDimension.csproj", "{356197EE-4E72-49E1-AE6B-9FFD1F49A3EE}"
EndProject
Global
	GlobalSection(SolutionConfigurationPlatforms) = preSolution
		Debug|Any CPU = Debug|Any CPU
		Release|Any CPU = Release|Any CPU
	EndGlobalSection
	GlobalSection(ProjectConfigurationPlatforms) = postSolution
		{356197EE-4E72-49E1-AE6B-9FFD1F49A3EE}.Debug|Any CPU.ActiveCfg = Debug|Any CPU
		{356197EE-4E72-49E1-AE6B-9FFD1F49A3EE}.Debug|Any CPU.Build.0 = Debug|Any CPU
		{356197EE-4E72-49E1-AE6B-9FFD1F49A3EE}.Release|Any CPU.ActiveCfg = Release|Any CPU
		{356197EE-4E72-49E1-AE6B-9FFD1F49A3EE}.Release|Any CPU.Build.0 = Release|Any CPU
	EndGlobalSection
	GlobalSection(SolutionProperties) = preSolution
		HideSolutionNode = FALSE
	EndGlobalSection
	GlobalSection(ExtensibilityGlobals) = postSolution
		SolutionGuid = {612D7A5E-15B3-432E-BC31-3ED23FE672AA}
	EndGlobalSection
EndGlobal
